
Microsoft Visual Studio Solution File, Format Version 9.00
# Visual Studio 2005
Project("{8BC9CEB8-8B4A-11D0-8D11-00A0C91BC942}") = "HookCpp", "HookCpp\HookCpp.vcproj", "{D95743C1-52FD-462D-B5A5-DF794E37A861}"
EndProject
Project("{8BC9CEB8-8B4A-11D0-8D11-00A0C91BC942}") = "CppDll", "CppDll\CppDll.vcproj", "{E4A9519E-F6DA-47E1-9EC9-484BEC9D5206}"
EndProject
Global
	GlobalSection(SolutionConfigurationPlatforms) = preSolution
		Debug|Win32 = Debug|Win32
		Release|Win32 = Release|Win32
	EndGlobalSection
	GlobalSection(ProjectConfigurationPlatforms) = postSolution
		{D95743C1-52FD-462D-B5A5-DF794E37A861}.Debug|Win32.ActiveCfg = Debug|Win32
		{D95743C1-52FD-462D-B5A5-DF794E37A861}.Debug|Win32.Build.0 = Debug|Win32
		{D95743C1-52FD-462D-B5A5-DF794E37A861}.Release|Win32.ActiveCfg = Release|Win32
		{D95743C1-52FD-462D-B5A5-DF794E37A861}.Release|Win32.Build.0 = Release|Win32
		{E4A9519E-F6DA-47E1-9EC9-484BEC9D5206}.Debug|Win32.ActiveCfg = Debug|Win32
		{E4A9519E-F6DA-47E1-9EC9-484BEC9D5206}.Debug|Win32.Build.0 = Debug|Win32
		{E4A9519E-F6DA-47E1-9EC9-484BEC9D5206}.Release|Win32.ActiveCfg = Release|Win32
		{E4A9519E-F6DA-47E1-9EC9-484BEC9D5206}.Release|Win32.Build.0 = Release|Win32
	EndGlobalSection
	GlobalSection(SolutionProperties) = preSolution
		HideSolutionNode = FALSE
	EndGlobalSection
EndGlobal
